<?xml version="1.0" encoding="utf-8"?>
<Project ToolsVersion="4.0" xmlns="http://schemas.microsoft.com/developer/msbuild/2003">
  <ItemGroup>
    <Filter Include="源文件">
      <UniqueIdentifier>{4FC737F1-C7A5-4376-A066-2A32D752A2FF}</UniqueIdentifier>
      <Extensions>cpp;c;cc;cxx;def;odl;idl;hpj;bat;asm;asmx</Extensions>
    </Filter>
    <Filter Include="头文件">
      <UniqueIdentifier>{93995380-89BD-4b04-88EB-625FBE52EBFB}</UniqueIdentifier>
      <Extensions>h;hpp;hxx;hm;inl;inc;xsd</Extensions>
    </Filter>
    <Filter Include="资源文件">
      <UniqueIdentifier>{67DA6AB6-F800-4c08-8B7A-83BB121AAD01}</UniqueIdentifier>
      <Extensions>rc;ico;cur;bmp;dlg;rc2;rct;bin;rgs;gif;jpg;jpeg;jpe;resx;tiff;tif;png;wav;mfcribbon-ms</Extensions>
    </Filter>
    <Filter Include="include">
      <UniqueIdentifier>{b7602908-fe00-4852-90f0-7a0698a595ba}</UniqueIdentifier>
    </Filter>
    <Filter Include="src">
      <UniqueIdentifier>{3436fbcc-472f-49c4-83e5-69ce8212991f}</UniqueIdentifier>
    </Filter>
  </ItemGroup>
  <ItemGroup>
    <Text Include="ReadMe.txt" />
  </ItemGroup>
  <ItemGroup>
    <ClInclude Include="stdafx.h">
      <Filter>头文件</Filter>
    </ClInclude>
    <ClInclude Include="targetver.h">
      <Filter>头文件</Filter>
    </ClInclude>
    <ClInclude Include="include\IProcess.h">
      <Filter>include</Filter>
    </ClInclude>
    <ClInclude Include="include\Common.h">
      <Filter>include</Filter>
    </ClInclude>
    <ClInclude Include="src\ProcessImpl.h">
      <Filter>src</Filter>
    </ClInclude>
    <ClInclude Include="include\IIni.h">
      <Filter>include</Filter>
    </ClInclude>
    <ClInclude Include="src\IniFileImpl.h">
      <Filter>src</Filter>
    </ClInclude>
    <ClInclude Include="include\IFileMap.h">
      <Filter>include</Filter>
    </ClInclude>
    <ClInclude Include="src\FileMapImpl.h">
      <Filter>src</Filter>
    </ClInclude>
    <ClInclude Include="include\IMiniDump.h">
      <Filter>include</Filter>
    </ClInclude>
    <ClInclude Include="src\MiniDumpImpl.h">
      <Filter>src</Filter>
    </ClInclude>
    <ClInclude Include="include\IThread.h">
      <Filter>include</Filter>
    </ClInclude>
    <ClInclude Include="src\ThreadImpl.h">
      <Filter>src</Filter>
    </ClInclude>
    <ClInclude Include="include\ILPC.h">
      <Filter>include</Filter>
    </ClInclude>
    <ClInclude Include="src\LPCServerImpl.h">
      <Filter>src</Filter>
    </ClInclude>
    <ClInclude Include="src\LPCClientImpl.h">
      <Filter>src</Filter>
    </ClInclude>
    <ClInclude Include="src\IoCompletePort.h">
      <Filter>src</Filter>
    </ClInclude>
    <ClInclude Include="src\NamedPipeWrapper.h">
      <Filter>src</Filter>
    </ClInclude>
    <ClInclude Include="include\IIPCInterface.h">
      <Filter>include</Filter>
    </ClInclude>
    <ClInclude Include="src\NamedPipeServerImpl.h">
      <Filter>src</Filter>
    </ClInclude>
    <ClInclude Include="src\IPCMessage.h">
      <Filter>src</Filter>
    </ClInclude>
    <ClInclude Include="src\NamedPipeClientImpl.h">
      <Filter>src</Filter>
    </ClInclude>
    <ClInclude Include="src\FileScan.h">
      <Filter>src</Filter>
    </ClInclude>
    <ClInclude Include="include\IVolumeParse.h">
      <Filter>头文件</Filter>
    </ClInclude>
    <ClInclude Include="src\CdfsVolumeParse.h">
      <Filter>src</Filter>
    </ClInclude>
    <ClInclude Include="src\Fat16VolumeParse.h">
      <Filter>src</Filter>
    </ClInclude>
    <ClInclude Include="src\Fat32VolumeParse.h">
      <Filter>src</Filter>
    </ClInclude>
    <ClInclude Include="src\NtfsVolumeParse.h">
      <Filter>src</Filter>
    </ClInclude>
    <ClInclude Include="src\NTFSDefine.h">
      <Filter>src</Filter>
    </ClInclude>
  </ItemGroup>
  <ItemGroup>
    <ClCompile Include="stdafx.cpp">
      <Filter>源文件</Filter>
    </ClCompile>
    <ClCompile Include="Test.cpp">
      <Filter>源文件</Filter>
    </ClCompile>
    <ClCompile Include="src\Common.cpp">
      <Filter>src</Filter>
    </ClCompile>
    <ClCompile Include="src\ProcessImpl.cpp">
      <Filter>src</Filter>
    </ClCompile>
    <ClCompile Include="src\IniFileImpl.cpp">
      <Filter>src</Filter>
    </ClCompile>
    <ClCompile Include="src\FileMapImpl.cpp">
      <Filter>src</Filter>
    </ClCompile>
    <ClCompile Include="src\MiniDumpImpl.cpp">
      <Filter>src</Filter>
    </ClCompile>
    <ClCompile Include="src\ThreadImpl.cpp">
      <Filter>src</Filter>
    </ClCompile>
    <ClCompile Include="src\LPCServerImpl.cpp">
      <Filter>src</Filter>
    </ClCompile>
    <ClCompile Include="src\LPCClientImpl.cpp">
      <Filter>src</Filter>
    </ClCompile>
    <ClCompile Include="src\NamedPipeServerImpl.cpp">
      <Filter>src</Filter>
    </ClCompile>
    <ClCompile Include="src\NamedPipeClientImpl.cpp">
      <Filter>src</Filter>
    </ClCompile>
    <ClCompile Include="src\FileScan.cpp">
      <Filter>src</Filter>
    </ClCompile>
    <ClCompile Include="src\CdfsVolumeParse.cpp">
      <Filter>src</Filter>
    </ClCompile>
    <ClCompile Include="src\Fat16VolumeParse.cpp">
      <Filter>src</Filter>
    </ClCompile>
    <ClCompile Include="src\Fat32VolumeParse.cpp">
      <Filter>src</Filter>
    </ClCompile>
    <ClCompile Include="src\NtfsVolumeParse.cpp">
      <Filter>src</Filter>
    </ClCompile>
  </ItemGroup>
</Project>